
Microsoft Visual Studio Solution File, Format Version 12.00
# Visual Studio Version 16
VisualStudioVersion = 25.0.1705.4
MinimumVisualStudioVersion = 10.0.40219.1
Project("{FAE04EC0-301F-11D3-BF4B-00C04F79EFBC}") = "ui-kit-mvvm", "ui-kit-mvvm\ui-kit-mvvm.csproj", "{183BC600-2C82-4B14-96A1-59C77390C248}"
EndProject
Global
	GlobalSection(SolutionConfigurationPlatforms) = preSolution
		Debug|Any CPU = Debug|Any CPU
		Release|Any CPU = Release|Any CPU
	EndGlobalSection
	GlobalSection(ProjectConfigurationPlatforms) = postSolution
		{183BC600-2C82-4B14-96A1-59C77390C248}.Debug|Any CPU.ActiveCfg = Debug|Any CPU
		{183BC600-2C82-4B14-96A1-59C77390C248}.Debug|Any CPU.Build.0 = Debug|Any CPU
		{183BC600-2C82-4B14-96A1-59C77390C248}.Release|Any CPU.ActiveCfg = Release|Any CPU
		{183BC600-2C82-4B14-96A1-59C77390C248}.Release|Any CPU.Build.0 = Release|Any CPU
	EndGlobalSection
	GlobalSection(SolutionProperties) = preSolution
		HideSolutionNode = FALSE
	EndGlobalSection
	GlobalSection(ExtensibilityGlobals) = postSolution
		SolutionGuid = {836277BE-81BB-4C88-9D58-0395D30FB1B3}
	EndGlobalSection
EndGlobal
